
Microsoft Visual Studio Solution File, Format Version 12.00
# Visual Studio Version 16
VisualStudioVersion = 16.0.31410.357
MinimumVisualStudioVersion = 10.0.40219.1
Project("{2150E333-8FDC-42A3-9474-1A3956D46DE8}") = "src", "src", "{D52DA447-42CE-4264-9708-F5551BDA5798}"
EndProject
Project("{2150E333-8FDC-42A3-9474-1A3956D46DE8}") = "building blocks", "building blocks", "{E34C2A60-D317-46AD-B6DE-A3482EA5DFFA}"
EndProject
Project("{2150E333-8FDC-42A3-9474-1A3956D46DE8}") = "services", "services", "{F2349BE8-36FC-4FE4-9E01-3387C078F52C}"
EndProject
Project("{2150E333-8FDC-42A3-9474-1A3956D46DE8}") = "web", "web", "{ED954BB1-162A-4383-B446-EE587902C100}"
EndProject
Project("{2150E333-8FDC-42A3-9474-1A3956D46DE8}") = "Identidade", "Identidade", "{DB228DB5-6E33-4986-8CAE-0C38F1CA6C4A}"
EndProject
Project("{2150E333-8FDC-42A3-9474-1A3956D46DE8}") = "MVC", "MVC", "{28D832AD-DE15-466B-8CE8-FEE3C94478FF}"
EndProject
Project("{9A19103F-16F7-4668-BE54-9A1E7A4F7556}") = "NSE.WebApp.MVC", "src\web\NSE.WebApp.MVC\NSE.WebApp.MVC.csproj", "{032AE1FB-25CF-43EA-85A3-B10876EDBAE2}"
EndProject
Project("{2150E333-8FDC-42A3-9474-1A3956D46DE8}") = "core", "core", "{79EC67CD-68C9-443D-8930-DD8E1EE705E0}"
EndProject
Project("{9A19103F-16F7-4668-BE54-9A1E7A4F7556}") = "NSE.Core", "src\building blocks\NSE.Core\NSE.Core.csproj", "{0964F5A6-9711-4669-96FA-27EDBB5D1588}"
EndProject
Project("{9A19103F-16F7-4668-BE54-9A1E7A4F7556}") = "NSE.Identitidade.API", "src\services\NSE.Identitidade.API\NSE.Identitidade.API.csproj", "{493AA71C-BECD-4211-9B40-41F90EF03B93}"
EndProject
Project("{2150E333-8FDC-42A3-9474-1A3956D46DE8}") = "Carrinho", "Carrinho", "{D3CE33B9-645E-471E-A5B0-30DFAFBE3C0E}"
EndProject
Project("{9A19103F-16F7-4668-BE54-9A1E7A4F7556}") = "NSE.Carrinho.API", "src\services\NSE.Carrinho.API\NSE.Carrinho.API.csproj", "{36750A23-D05D-4E9B-86E5-BDAAA108D6E8}"
EndProject
Project("{2150E333-8FDC-42A3-9474-1A3956D46DE8}") = "Catalogo", "Catalogo", "{3AFD6CBB-641E-4A41-BFFC-0231A530C087}"
EndProject
Project("{9A19103F-16F7-4668-BE54-9A1E7A4F7556}") = "NSE.Catalogo.API", "src\services\NSE.Catalogo.API\NSE.Catalogo.API.csproj", "{57ACBE2A-A927-4DA0-B314-A3921737E552}"
EndProject
Project("{2150E333-8FDC-42A3-9474-1A3956D46DE8}") = "Cliente", "Cliente", "{E49C5E7E-8843-4C40-8F56-D1B71CC7ACEF}"
EndProject
Project("{9A19103F-16F7-4668-BE54-9A1E7A4F7556}") = "NSE.Cliente.API", "src\services\NSE.Cliente.API\NSE.Cliente.API.csproj", "{E63E379E-F137-43BE-9291-032582680088}"
EndProject
Project("{2150E333-8FDC-42A3-9474-1A3956D46DE8}") = "Pagamento", "Pagamento", "{1A4C2BAD-06AB-4FC2-B35E-7A3C44D84065}"
EndProject
Project("{9A19103F-16F7-4668-BE54-9A1E7A4F7556}") = "NSE.Pagamento.API", "src\services\NSE.Pagamento.API\NSE.Pagamento.API.csproj", "{A3573D44-A937-4426-B86B-529EC0D8EA75}"
EndProject
Project("{2150E333-8FDC-42A3-9474-1A3956D46DE8}") = "Pedido", "Pedido", "{D0AB70E1-4AC4-429B-93AA-12C2C4DFC579}"
EndProject
Project("{9A19103F-16F7-4668-BE54-9A1E7A4F7556}") = "NSE.Pedido.API", "src\services\NSE.Pedido.API\NSE.Pedido.API.csproj", "{A84AEADE-7672-4E37-85C3-298198858905}"
EndProject
Project("{2150E333-8FDC-42A3-9474-1A3956D46DE8}") = "services", "services", "{F0B7EB3B-A7CA-476D-8469-FE601582CCCE}"
EndProject
Project("{FAE04EC0-301F-11D3-BF4B-00C04F79EFBC}") = "NSE.WebApi.Core", "src\building blocks\NSE.WebApi.Cpre\NSE.WebApi.Core.csproj", "{67B4F383-10BF-466E-B584-8F9A8095600F}"
EndProject
Global
	GlobalSection(SolutionConfigurationPlatforms) = preSolution
		Debug|Any CPU = Debug|Any CPU
		Release|Any CPU = Release|Any CPU
	EndGlobalSection
	GlobalSection(ProjectConfigurationPlatforms) = postSolution
		{032AE1FB-25CF-43EA-85A3-B10876EDBAE2}.Debug|Any CPU.ActiveCfg = Debug|Any CPU
		{032AE1FB-25CF-43EA-85A3-B10876EDBAE2}.Debug|Any CPU.Build.0 = Debug|Any CPU
		{032AE1FB-25CF-43EA-85A3-B10876EDBAE2}.Release|Any CPU.ActiveCfg = Release|Any CPU
		{032AE1FB-25CF-43EA-85A3-B10876EDBAE2}.Release|Any CPU.Build.0 = Release|Any CPU
		{0964F5A6-9711-4669-96FA-27EDBB5D1588}.Debug|Any CPU.ActiveCfg = Debug|Any CPU
		{0964F5A6-9711-4669-96FA-27EDBB5D1588}.Debug|Any CPU.Build.0 = Debug|Any CPU
		{0964F5A6-9711-4669-96FA-27EDBB5D1588}.Release|Any CPU.ActiveCfg = Release|Any CPU
		{0964F5A6-9711-4669-96FA-27EDBB5D1588}.Release|Any CPU.Build.0 = Release|Any CPU
		{493AA71C-BECD-4211-9B40-41F90EF03B93}.Debug|Any CPU.ActiveCfg = Debug|Any CPU
		{493AA71C-BECD-4211-9B40-41F90EF03B93}.Debug|Any CPU.Build.0 = Debug|Any CPU
		{493AA71C-BECD-4211-9B40-41F90EF03B93}.Release|Any CPU.ActiveCfg = Release|Any CPU
		{493AA71C-BECD-4211-9B40-41F90EF03B93}.Release|Any CPU.Build.0 = Release|Any CPU
		{36750A23-D05D-4E9B-86E5-BDAAA108D6E8}.Debug|Any CPU.ActiveCfg = Debug|Any CPU
		{36750A23-D05D-4E9B-86E5-BDAAA108D6E8}.Debug|Any CPU.Build.0 = Debug|Any CPU
		{36750A23-D05D-4E9B-86E5-BDAAA108D6E8}.Release|Any CPU.ActiveCfg = Release|Any CPU
		{36750A23-D05D-4E9B-86E5-BDAAA108D6E8}.Release|Any CPU.Build.0 = Release|Any CPU
		{57ACBE2A-A927-4DA0-B314-A3921737E552}.Debug|Any CPU.ActiveCfg = Debug|Any CPU
		{57ACBE2A-A927-4DA0-B314-A3921737E552}.Debug|Any CPU.Build.0 = Debug|Any CPU
		{57ACBE2A-A927-4DA0-B314-A3921737E552}.Release|Any CPU.ActiveCfg = Release|Any CPU
		{57ACBE2A-A927-4DA0-B314-A3921737E552}.Release|Any CPU.Build.0 = Release|Any CPU
		{E63E379E-F137-43BE-9291-032582680088}.Debug|Any CPU.ActiveCfg = Debug|Any CPU
		{E63E379E-F137-43BE-9291-032582680088}.Debug|Any CPU.Build.0 = Debug|Any CPU
		{E63E379E-F137-43BE-9291-032582680088}.Release|Any CPU.ActiveCfg = Release|Any CPU
		{E63E379E-F137-43BE-9291-032582680088}.Release|Any CPU.Build.0 = Release|Any CPU
		{A3573D44-A937-4426-B86B-529EC0D8EA75}.Debug|Any CPU.ActiveCfg = Debug|Any CPU
		{A3573D44-A937-4426-B86B-529EC0D8EA75}.Debug|Any CPU.Build.0 = Debug|Any CPU
		{A3573D44-A937-4426-B86B-529EC0D8EA75}.Release|Any CPU.ActiveCfg = Release|Any CPU
		{A3573D44-A937-4426-B86B-529EC0D8EA75}.Release|Any CPU.Build.0 = Release|Any CPU
		{A84AEADE-7672-4E37-85C3-298198858905}.Debug|Any CPU.ActiveCfg = Debug|Any CPU
		{A84AEADE-7672-4E37-85C3-298198858905}.Debug|Any CPU.Build.0 = Debug|Any CPU
		{A84AEADE-7672-4E37-85C3-298198858905}.Release|Any CPU.ActiveCfg = Release|Any CPU
		{A84AEADE-7672-4E37-85C3-298198858905}.Release|Any CPU.Build.0 = Release|Any CPU
		{67B4F383-10BF-466E-B584-8F9A8095600F}.Debug|Any CPU.ActiveCfg = Debug|Any CPU
		{67B4F383-10BF-466E-B584-8F9A8095600F}.Debug|Any CPU.Build.0 = Debug|Any CPU
		{67B4F383-10BF-466E-B584-8F9A8095600F}.Release|Any CPU.ActiveCfg = Release|Any CPU
		{67B4F383-10BF-466E-B584-8F9A8095600F}.Release|Any CPU.Build.0 = Release|Any CPU
	EndGlobalSection
	GlobalSection(SolutionProperties) = preSolution
		HideSolutionNode = FALSE
	EndGlobalSection
	GlobalSection(NestedProjects) = preSolution
		{E34C2A60-D317-46AD-B6DE-A3482EA5DFFA} = {D52DA447-42CE-4264-9708-F5551BDA5798}
		{F2349BE8-36FC-4FE4-9E01-3387C078F52C} = {D52DA447-42CE-4264-9708-F5551BDA5798}
		{ED954BB1-162A-4383-B446-EE587902C100} = {D52DA447-42CE-4264-9708-F5551BDA5798}
		{DB228DB5-6E33-4986-8CAE-0C38F1CA6C4A} = {F2349BE8-36FC-4FE4-9E01-3387C078F52C}
		{28D832AD-DE15-466B-8CE8-FEE3C94478FF} = {ED954BB1-162A-4383-B446-EE587902C100}
		{032AE1FB-25CF-43EA-85A3-B10876EDBAE2} = {28D832AD-DE15-466B-8CE8-FEE3C94478FF}
		{79EC67CD-68C9-443D-8930-DD8E1EE705E0} = {E34C2A60-D317-46AD-B6DE-A3482EA5DFFA}
		{0964F5A6-9711-4669-96FA-27EDBB5D1588} = {79EC67CD-68C9-443D-8930-DD8E1EE705E0}
		{493AA71C-BECD-4211-9B40-41F90EF03B93} = {DB228DB5-6E33-4986-8CAE-0C38F1CA6C4A}
		{D3CE33B9-645E-471E-A5B0-30DFAFBE3C0E} = {F2349BE8-36FC-4FE4-9E01-3387C078F52C}
		{36750A23-D05D-4E9B-86E5-BDAAA108D6E8} = {D3CE33B9-645E-471E-A5B0-30DFAFBE3C0E}
		{3AFD6CBB-641E-4A41-BFFC-0231A530C087} = {F2349BE8-36FC-4FE4-9E01-3387C078F52C}
		{57ACBE2A-A927-4DA0-B314-A3921737E552} = {3AFD6CBB-641E-4A41-BFFC-0231A530C087}
		{E49C5E7E-8843-4C40-8F56-D1B71CC7ACEF} = {F2349BE8-36FC-4FE4-9E01-3387C078F52C}
		{E63E379E-F137-43BE-9291-032582680088} = {E49C5E7E-8843-4C40-8F56-D1B71CC7ACEF}
		{1A4C2BAD-06AB-4FC2-B35E-7A3C44D84065} = {F2349BE8-36FC-4FE4-9E01-3387C078F52C}
		{A3573D44-A937-4426-B86B-529EC0D8EA75} = {1A4C2BAD-06AB-4FC2-B35E-7A3C44D84065}
		{D0AB70E1-4AC4-429B-93AA-12C2C4DFC579} = {F2349BE8-36FC-4FE4-9E01-3387C078F52C}
		{A84AEADE-7672-4E37-85C3-298198858905} = {D0AB70E1-4AC4-429B-93AA-12C2C4DFC579}
		{F0B7EB3B-A7CA-476D-8469-FE601582CCCE} = {E34C2A60-D317-46AD-B6DE-A3482EA5DFFA}
		{67B4F383-10BF-466E-B584-8F9A8095600F} = {F0B7EB3B-A7CA-476D-8469-FE601582CCCE}
	EndGlobalSection
	GlobalSection(ExtensibilityGlobals) = postSolution
		SolutionGuid = {8A32CF5B-2D65-4509-A6D7-460107E21E28}
	EndGlobalSection
EndGlobal
